
Microsoft Visual Studio Solution File, Format Version 12.00
# Visual Studio 15
Project("{FAE04EC0-301F-11D3-BF4B-00C04F79EFBC}") = "Fireworks", "Fireworks\Fireworks.csproj", "{AE63438A-481D-41EE-AEA2-08F790228625}"
EndProject
Global
	GlobalSection(SolutionConfigurationPlatforms) = preSolution
		Debug|iPhoneSimulator = Debug|iPhoneSimulator
		Release|iPhone = Release|iPhone
		Release|iPhoneSimulator = Release|iPhoneSimulator
		Debug|iPhone = Debug|iPhone
	EndGlobalSection
	GlobalSection(ProjectConfigurationPlatforms) = postSolution
		{AE63438A-481D-41EE-AEA2-08F790228625}.Debug|iPhoneSimulator.ActiveCfg = Debug|iPhoneSimulator
		{AE63438A-481D-41EE-AEA2-08F790228625}.Debug|iPhoneSimulator.Build.0 = Debug|iPhoneSimulator
		{AE63438A-481D-41EE-AEA2-08F790228625}.Release|iPhone.ActiveCfg = Release|iPhone
		{AE63438A-481D-41EE-AEA2-08F790228625}.Release|iPhone.Build.0 = Release|iPhone
		{AE63438A-481D-41EE-AEA2-08F790228625}.Release|iPhoneSimulator.ActiveCfg = Release|iPhoneSimulator
		{AE63438A-481D-41EE-AEA2-08F790228625}.Release|iPhoneSimulator.Build.0 = Release|iPhoneSimulator
		{AE63438A-481D-41EE-AEA2-08F790228625}.Debug|iPhone.ActiveCfg = Debug|iPhone
		{AE63438A-481D-41EE-AEA2-08F790228625}.Debug|iPhone.Build.0 = Debug|iPhone
	EndGlobalSection
EndGlobal
